
Microsoft Visual Studio Solution File, Format Version 12.00
# Visual Studio 15
VisualStudioVersion = 15.0.28307.852
MinimumVisualStudioVersion = 10.0.40219.1
Project("{FAE04EC0-301F-11D3-BF4B-00C04F79EFBC}") = "Inheritance", "Inheritance\Inheritance.csproj", "{8596E23B-B66E-4C23-B914-5463C2321375}"
EndProject
Project("{FAE04EC0-301F-11D3-BF4B-00C04F79EFBC}") = "Library1", "Library1\Library1.csproj", "{8C8738C9-56EC-4F06-8254-D17366FC9795}"
EndProject
Global
	GlobalSection(SolutionConfigurationPlatforms) = preSolution
		Debug|Any CPU = Debug|Any CPU
		Release|Any CPU = Release|Any CPU
	EndGlobalSection
	GlobalSection(ProjectConfigurationPlatforms) = postSolution
		{8596E23B-B66E-4C23-B914-5463C2321375}.Debug|Any CPU.ActiveCfg = Debug|Any CPU
		{8596E23B-B66E-4C23-B914-5463C2321375}.Debug|Any CPU.Build.0 = Debug|Any CPU
		{8596E23B-B66E-4C23-B914-5463C2321375}.Release|Any CPU.ActiveCfg = Release|Any CPU
		{8596E23B-B66E-4C23-B914-5463C2321375}.Release|Any CPU.Build.0 = Release|Any CPU
		{8C8738C9-56EC-4F06-8254-D17366FC9795}.Debug|Any CPU.ActiveCfg = Debug|Any CPU
		{8C8738C9-56EC-4F06-8254-D17366FC9795}.Debug|Any CPU.Build.0 = Debug|Any CPU
		{8C8738C9-56EC-4F06-8254-D17366FC9795}.Release|Any CPU.ActiveCfg = Release|Any CPU
		{8C8738C9-56EC-4F06-8254-D17366FC9795}.Release|Any CPU.Build.0 = Release|Any CPU
	EndGlobalSection
	GlobalSection(SolutionProperties) = preSolution
		HideSolutionNode = FALSE
	EndGlobalSection
	GlobalSection(ExtensibilityGlobals) = postSolution
		SolutionGuid = {BB0250CB-12A7-46C1-945A-2700DAE739A3}
	EndGlobalSection
EndGlobal
