
Microsoft Visual Studio Solution File, Format Version 12.00
# Visual Studio 15
VisualStudioVersion = 15.0.28307.1259
MinimumVisualStudioVersion = 10.0.40219.1
Project("{8BC9CEB8-8B4A-11D0-8D11-00A0C91BC942}") = "Prev_Try", "Prev_Try\Prev_Try.vcxproj", "{CBE29727-8C01-4B49-BB7F-0BD6713DFA0A}"
EndProject
Global
	GlobalSection(SolutionConfigurationPlatforms) = preSolution
		Debug|x64 = Debug|x64
		Debug|x86 = Debug|x86
		Release|x64 = Release|x64
		Release|x86 = Release|x86
	EndGlobalSection
	GlobalSection(ProjectConfigurationPlatforms) = postSolution
		{CBE29727-8C01-4B49-BB7F-0BD6713DFA0A}.Debug|x64.ActiveCfg = Debug|x64
		{CBE29727-8C01-4B49-BB7F-0BD6713DFA0A}.Debug|x64.Build.0 = Debug|x64
		{CBE29727-8C01-4B49-BB7F-0BD6713DFA0A}.Debug|x86.ActiveCfg = Debug|Win32
		{CBE29727-8C01-4B49-BB7F-0BD6713DFA0A}.Debug|x86.Build.0 = Debug|Win32
		{CBE29727-8C01-4B49-BB7F-0BD6713DFA0A}.Release|x64.ActiveCfg = Release|x64
		{CBE29727-8C01-4B49-BB7F-0BD6713DFA0A}.Release|x64.Build.0 = Release|x64
		{CBE29727-8C01-4B49-BB7F-0BD6713DFA0A}.Release|x86.ActiveCfg = Release|Win32
		{CBE29727-8C01-4B49-BB7F-0BD6713DFA0A}.Release|x86.Build.0 = Release|Win32
	EndGlobalSection
	GlobalSection(SolutionProperties) = preSolution
		HideSolutionNode = FALSE
	EndGlobalSection
	GlobalSection(ExtensibilityGlobals) = postSolution
		SolutionGuid = {B699FDBB-39F1-42F8-B83D-BD6B87EE880A}
	EndGlobalSection
EndGlobal
